
Microsoft Visual Studio Solution File, Format Version 12.00
# Visual Studio Version 17
VisualStudioVersion = 17.5.33516.290
MinimumVisualStudioVersion = 10.0.40219.1
Project("{FAE04EC0-301F-11D3-BF4B-00C04F79EFBC}") = "IPTool", "IPTool\IPTool.csproj", "{43AC55CB-6C21-468D-A15D-D27ADC841CB3}"
EndProject
Global
	GlobalSection(SolutionConfigurationPlatforms) = preSolution
		Debug|Any CPU = Debug|Any CPU
		Release|Any CPU = Release|Any CPU
	EndGlobalSection
	GlobalSection(ProjectConfigurationPlatforms) = postSolution
		{43AC55CB-6C21-468D-A15D-D27ADC841CB3}.Debug|Any CPU.ActiveCfg = Debug|Any CPU
		{43AC55CB-6C21-468D-A15D-D27ADC841CB3}.Debug|Any CPU.Build.0 = Debug|Any CPU
		{43AC55CB-6C21-468D-A15D-D27ADC841CB3}.Release|Any CPU.ActiveCfg = Release|Any CPU
		{43AC55CB-6C21-468D-A15D-D27ADC841CB3}.Release|Any CPU.Build.0 = Release|Any CPU
	EndGlobalSection
	GlobalSection(SolutionProperties) = preSolution
		HideSolutionNode = FALSE
	EndGlobalSection
	GlobalSection(ExtensibilityGlobals) = postSolution
		SolutionGuid = {0DBE2982-A1D0-45C9-A36D-7A92305FF2EB}
	EndGlobalSection
EndGlobal
